
Microsoft Visual Studio Solution File, Format Version 12.00
# Visual Studio 14
VisualStudioVersion = 14.0.25420.1
MinimumVisualStudioVersion = 10.0.40219.1
Project("{8BC9CEB8-8B4A-11D0-8D11-00A0C91BC942}") = "hostvs", "hostvs\hostvs.vcxproj", "{350096D1-5954-476D-84AD-B7C576827F00}"
EndProject
Global
	GlobalSection(SolutionConfigurationPlatforms) = preSolution
		Debug|VisualGDB = Debug|VisualGDB
		Release|VisualGDB = Release|VisualGDB
	EndGlobalSection
	GlobalSection(ProjectConfigurationPlatforms) = postSolution
		{350096D1-5954-476D-84AD-B7C576827F00}.Debug|VisualGDB.ActiveCfg = Debug|VisualGDB
		{350096D1-5954-476D-84AD-B7C576827F00}.Debug|VisualGDB.Build.0 = Debug|VisualGDB
		{350096D1-5954-476D-84AD-B7C576827F00}.Release|VisualGDB.ActiveCfg = Release|VisualGDB
		{350096D1-5954-476D-84AD-B7C576827F00}.Release|VisualGDB.Build.0 = Release|VisualGDB
	EndGlobalSection
	GlobalSection(SolutionProperties) = preSolution
		HideSolutionNode = FALSE
	EndGlobalSection
EndGlobal
